
Microsoft Visual Studio Solution File, Format Version 12.00
# Visual Studio Version 17
VisualStudioVersion = 17.13.35931.197 d17.13
MinimumVisualStudioVersion = 10.0.40219.1
Project("{FAE04EC0-301F-11D3-BF4B-00C04F79EFBC}") = "DroneViewer", "DroneViewer\DroneViewer.csproj", "{E1CBBF50-D9AE-430E-AA55-71503EC8A128}"
EndProject
Global
	GlobalSection(SolutionConfigurationPlatforms) = preSolution
		Debug|Any CPU = Debug|Any CPU
		Release|Any CPU = Release|Any CPU
	EndGlobalSection
	GlobalSection(ProjectConfigurationPlatforms) = postSolution
		{E1CBBF50-D9AE-430E-AA55-71503EC8A128}.Debug|Any CPU.ActiveCfg = Debug|Any CPU
		{E1CBBF50-D9AE-430E-AA55-71503EC8A128}.Debug|Any CPU.Build.0 = Debug|Any CPU
		{E1CBBF50-D9AE-430E-AA55-71503EC8A128}.Release|Any CPU.ActiveCfg = Release|Any CPU
		{E1CBBF50-D9AE-430E-AA55-71503EC8A128}.Release|Any CPU.Build.0 = Release|Any CPU
	EndGlobalSection
	GlobalSection(SolutionProperties) = preSolution
		HideSolutionNode = FALSE
	EndGlobalSection
	GlobalSection(ExtensibilityGlobals) = postSolution
		SolutionGuid = {609FBAFB-12CE-4A44-BE80-3085FDD35AD9}
	EndGlobalSection
EndGlobal
